
Microsoft Visual Studio Solution File, Format Version 12.00
# Visual Studio Version 17
VisualStudioVersion = 17.5.002.0
MinimumVisualStudioVersion = 10.0.40219.1
Project("{9A19103F-16F7-4668-BE54-9A1E7A4F7556}") = "AnalyticsConsumer", "AnalyticsConsumer\AnalyticsConsumer.csproj", "{158BEDB8-4D75-4F26-8891-FF4712A9A63A}"
EndProject
Project("{9A19103F-16F7-4668-BE54-9A1E7A4F7556}") = "PaymentsConsumer", "PaymentsConsumer\PaymentsConsumer.csproj", "{2A8C56A8-39F0-46CC-A542-35073B2194F9}"
EndProject
Project("{9A19103F-16F7-4668-BE54-9A1E7A4F7556}") = "Producer", "Producer\Producer.csproj", "{B59BC726-2274-45ED-BB92-3454D845C965}"
EndProject
Global
	GlobalSection(SolutionConfigurationPlatforms) = preSolution
		Debug|Any CPU = Debug|Any CPU
		Release|Any CPU = Release|Any CPU
	EndGlobalSection
	GlobalSection(ProjectConfigurationPlatforms) = postSolution
		{158BEDB8-4D75-4F26-8891-FF4712A9A63A}.Debug|Any CPU.ActiveCfg = Debug|Any CPU
		{158BEDB8-4D75-4F26-8891-FF4712A9A63A}.Debug|Any CPU.Build.0 = Debug|Any CPU
		{158BEDB8-4D75-4F26-8891-FF4712A9A63A}.Release|Any CPU.ActiveCfg = Release|Any CPU
		{158BEDB8-4D75-4F26-8891-FF4712A9A63A}.Release|Any CPU.Build.0 = Release|Any CPU
		{2A8C56A8-39F0-46CC-A542-35073B2194F9}.Debug|Any CPU.ActiveCfg = Debug|Any CPU
		{2A8C56A8-39F0-46CC-A542-35073B2194F9}.Debug|Any CPU.Build.0 = Debug|Any CPU
		{2A8C56A8-39F0-46CC-A542-35073B2194F9}.Release|Any CPU.ActiveCfg = Release|Any CPU
		{2A8C56A8-39F0-46CC-A542-35073B2194F9}.Release|Any CPU.Build.0 = Release|Any CPU
		{B59BC726-2274-45ED-BB92-3454D845C965}.Debug|Any CPU.ActiveCfg = Debug|Any CPU
		{B59BC726-2274-45ED-BB92-3454D845C965}.Debug|Any CPU.Build.0 = Debug|Any CPU
		{B59BC726-2274-45ED-BB92-3454D845C965}.Release|Any CPU.ActiveCfg = Release|Any CPU
		{B59BC726-2274-45ED-BB92-3454D845C965}.Release|Any CPU.Build.0 = Release|Any CPU
	EndGlobalSection
	GlobalSection(SolutionProperties) = preSolution
		HideSolutionNode = FALSE
	EndGlobalSection
	GlobalSection(ExtensibilityGlobals) = postSolution
		SolutionGuid = {A4F4F727-37B4-4386-A979-DCCAA8DE155C}
	EndGlobalSection
EndGlobal
