
Microsoft Visual Studio Solution File, Format Version 12.00
# Visual Studio Version 17
VisualStudioVersion = 17.5.002.0
MinimumVisualStudioVersion = 10.0.40219.1
Project("{9A19103F-16F7-4668-BE54-9A1E7A4F7556}") = "Consumer", "Consumer\Consumer.csproj", "{B1CE597E-57AB-4D53-9061-E639E2C4F893}"
EndProject
Project("{9A19103F-16F7-4668-BE54-9A1E7A4F7556}") = "Producer", "Producer\Producer.csproj", "{13E2747E-6AEE-40DA-90C1-8FE4EE99999C}"
EndProject
Global
	GlobalSection(SolutionConfigurationPlatforms) = preSolution
		Debug|Any CPU = Debug|Any CPU
		Release|Any CPU = Release|Any CPU
	EndGlobalSection
	GlobalSection(ProjectConfigurationPlatforms) = postSolution
		{B1CE597E-57AB-4D53-9061-E639E2C4F893}.Debug|Any CPU.ActiveCfg = Debug|Any CPU
		{B1CE597E-57AB-4D53-9061-E639E2C4F893}.Debug|Any CPU.Build.0 = Debug|Any CPU
		{B1CE597E-57AB-4D53-9061-E639E2C4F893}.Release|Any CPU.ActiveCfg = Release|Any CPU
		{B1CE597E-57AB-4D53-9061-E639E2C4F893}.Release|Any CPU.Build.0 = Release|Any CPU
		{13E2747E-6AEE-40DA-90C1-8FE4EE99999C}.Debug|Any CPU.ActiveCfg = Debug|Any CPU
		{13E2747E-6AEE-40DA-90C1-8FE4EE99999C}.Debug|Any CPU.Build.0 = Debug|Any CPU
		{13E2747E-6AEE-40DA-90C1-8FE4EE99999C}.Release|Any CPU.ActiveCfg = Release|Any CPU
		{13E2747E-6AEE-40DA-90C1-8FE4EE99999C}.Release|Any CPU.Build.0 = Release|Any CPU
	EndGlobalSection
	GlobalSection(SolutionProperties) = preSolution
		HideSolutionNode = FALSE
	EndGlobalSection
	GlobalSection(ExtensibilityGlobals) = postSolution
		SolutionGuid = {8BA1F34D-F852-4C6C-BD81-A9CE7A9C1869}
	EndGlobalSection
EndGlobal
